
Microsoft Visual Studio Solution File, Format Version 12.00
# Visual Studio 15
VisualStudioVersion = 15.0.28307.271
MinimumVisualStudioVersion = 10.0.40219.1
Project("{8BC9CEB8-8B4A-11D0-8D11-00A0C91BC942}") = "soul_eater", "soul_eater\soul_eater.vcxproj", "{E2FEF373-8276-4A5C-B528-DB32650B376C}"
EndProject
Global
	GlobalSection(SolutionConfigurationPlatforms) = preSolution
		Debug|x64 = Debug|x64
		Debug|x86 = Debug|x86
		Release|x64 = Release|x64
		Release|x86 = Release|x86
	EndGlobalSection
	GlobalSection(ProjectConfigurationPlatforms) = postSolution
		{E2FEF373-8276-4A5C-B528-DB32650B376C}.Debug|x64.ActiveCfg = Debug|x64
		{E2FEF373-8276-4A5C-B528-DB32650B376C}.Debug|x64.Build.0 = Debug|x64
		{E2FEF373-8276-4A5C-B528-DB32650B376C}.Debug|x86.ActiveCfg = Debug|Win32
		{E2FEF373-8276-4A5C-B528-DB32650B376C}.Debug|x86.Build.0 = Debug|Win32
		{E2FEF373-8276-4A5C-B528-DB32650B376C}.Release|x64.ActiveCfg = Release|x64
		{E2FEF373-8276-4A5C-B528-DB32650B376C}.Release|x64.Build.0 = Release|x64
		{E2FEF373-8276-4A5C-B528-DB32650B376C}.Release|x86.ActiveCfg = Release|Win32
		{E2FEF373-8276-4A5C-B528-DB32650B376C}.Release|x86.Build.0 = Release|Win32
	EndGlobalSection
	GlobalSection(SolutionProperties) = preSolution
		HideSolutionNode = FALSE
	EndGlobalSection
	GlobalSection(ExtensibilityGlobals) = postSolution
		SolutionGuid = {D2AAFCE6-BA94-434D-B555-B1F2C686333F}
	EndGlobalSection
EndGlobal
